{
  "name": "jsonl-diagram-adapter-fixtures",
  "lockfileVersion": 3,
  "requires": true,
  "packages": {
    "": {
      "name": "jsonl-diagram-adapter-fixtures",
      "dependencies": {
        "@terrastruct/d2": "^0.1.33",
        "elkjs": "^0.11.1"
      }
    },
    "node_modules/@terrastruct/d2": {
      "version": "0.1.33",
      "resolved": "https://registry.npmjs.org/@terrastruct/d2/-/d2-0.1.33.tgz",
      "integrity": "sha512-eK5hyfGIJFolC7sUsiKvWdY9xGFctTe3d+PSijo09IYDso8psztC+A4SammizXtlwYZpnnW0AtDjfBYauceSeA==",
      "license": "MPL-2.0"
    },
    "node_modules/elkjs": {
      "version": "0.11.1",
      "resolved": "https://registry.npmjs.org/elkjs/-/elkjs-0.11.1.tgz",
      "integrity": "sha512-zxxR9k+rx5ktMwT/FwyLdPCrq7xN6e4VGGHH8hA01vVYKjTFik7nHOxBnAYtrgYUB1RpAiLvA1/U2YraWxyKKg==",
      "license": "EPL-2.0"
    }
  }
}
